
Microsoft Visual Studio Solution File, Format Version 12.00
# Visual Studio Version 16
VisualStudioVersion = 16.0.31702.278
MinimumVisualStudioVersion = 10.0.40219.1
Project("{FAE04EC0-301F-11D3-BF4B-00C04F79EFBC}") = "war-card-game", "war-card-game\war-card-game.csproj", "{EC7DF9CC-F208-4BCA-B145-C09AE5089DD4}"
EndProject
Global
	GlobalSection(SolutionConfigurationPlatforms) = preSolution
		Debug|Any CPU = Debug|Any CPU
		Release|Any CPU = Release|Any CPU
	EndGlobalSection
	GlobalSection(ProjectConfigurationPlatforms) = postSolution
		{EC7DF9CC-F208-4BCA-B145-C09AE5089DD4}.Debug|Any CPU.ActiveCfg = Debug|Any CPU
		{EC7DF9CC-F208-4BCA-B145-C09AE5089DD4}.Debug|Any CPU.Build.0 = Debug|Any CPU
		{EC7DF9CC-F208-4BCA-B145-C09AE5089DD4}.Release|Any CPU.ActiveCfg = Release|Any CPU
		{EC7DF9CC-F208-4BCA-B145-C09AE5089DD4}.Release|Any CPU.Build.0 = Release|Any CPU
	EndGlobalSection
	GlobalSection(SolutionProperties) = preSolution
		HideSolutionNode = FALSE
	EndGlobalSection
	GlobalSection(ExtensibilityGlobals) = postSolution
		SolutionGuid = {E9FE260F-210E-4575-97C7-E99DD7D4DC42}
	EndGlobalSection
EndGlobal
